
Microsoft Visual Studio Solution File, Format Version 12.00
# Visual Studio Version 17
VisualStudioVersion = 17.2.32519.379
MinimumVisualStudioVersion = 10.0.40219.1
Project("{FAE04EC0-301F-11D3-BF4B-00C04F79EFBC}") = "ContosoUniversity", "ContosoUniversity\ContosoUniversity.csproj", "{4282CE65-CF35-437E-9D5E-0228165E156E}"
EndProject
Global
	GlobalSection(SolutionConfigurationPlatforms) = preSolution
		Debug|Any CPU = Debug|Any CPU
		Release|Any CPU = Release|Any CPU
	EndGlobalSection
	GlobalSection(ProjectConfigurationPlatforms) = postSolution
		{4282CE65-CF35-437E-9D5E-0228165E156E}.Debug|Any CPU.ActiveCfg = Debug|Any CPU
		{4282CE65-CF35-437E-9D5E-0228165E156E}.Debug|Any CPU.Build.0 = Debug|Any CPU
		{4282CE65-CF35-437E-9D5E-0228165E156E}.Release|Any CPU.ActiveCfg = Release|Any CPU
		{4282CE65-CF35-437E-9D5E-0228165E156E}.Release|Any CPU.Build.0 = Release|Any CPU
	EndGlobalSection
	GlobalSection(SolutionProperties) = preSolution
		HideSolutionNode = FALSE
	EndGlobalSection
	GlobalSection(ExtensibilityGlobals) = postSolution
		SolutionGuid = {D2704DB6-7F71-416C-ABBE-0F1019E6912E}
	EndGlobalSection
EndGlobal
