
Microsoft Visual Studio Solution File, Format Version 12.00
# Visual Studio Version 17
VisualStudioVersion = 17.2.32519.379
MinimumVisualStudioVersion = 10.0.40219.1
Project("{FAE04EC0-301F-11D3-BF4B-00C04F79EFBC}") = "MvcMovie", "MvcMovie\MvcMovie.csproj", "{2EAFCD91-B5B2-4C8D-BECF-BE8CBB10E752}"
EndProject
Global
	GlobalSection(SolutionConfigurationPlatforms) = preSolution
		Debug|Any CPU = Debug|Any CPU
		Release|Any CPU = Release|Any CPU
	EndGlobalSection
	GlobalSection(ProjectConfigurationPlatforms) = postSolution
		{2EAFCD91-B5B2-4C8D-BECF-BE8CBB10E752}.Debug|Any CPU.ActiveCfg = Debug|Any CPU
		{2EAFCD91-B5B2-4C8D-BECF-BE8CBB10E752}.Debug|Any CPU.Build.0 = Debug|Any CPU
		{2EAFCD91-B5B2-4C8D-BECF-BE8CBB10E752}.Release|Any CPU.ActiveCfg = Release|Any CPU
		{2EAFCD91-B5B2-4C8D-BECF-BE8CBB10E752}.Release|Any CPU.Build.0 = Release|Any CPU
	EndGlobalSection
	GlobalSection(SolutionProperties) = preSolution
		HideSolutionNode = FALSE
	EndGlobalSection
	GlobalSection(ExtensibilityGlobals) = postSolution
		SolutionGuid = {37E39C24-1B05-46BC-9ED9-302CED9A6B10}
	EndGlobalSection
EndGlobal
